
Microsoft Visual Studio Solution File, Format Version 12.00
# Visual Studio Version 16
VisualStudioVersion = 16.0.28803.156
MinimumVisualStudioVersion = 10.0.40219.1
Project("{E24C65DC-7377-472B-9ABA-BC803B73C61A}") = "Marist Chat App", "Marist Chat App\", "{EEACBA10-5655-4580-AC8D-517ABE5DF76A}"
	ProjectSection(WebsiteProperties) = preProject
		TargetFrameworkMoniker = ".NETFramework,Version%3Dv3.5"
		Debug.AspNetCompiler.VirtualPath = "/localhost_63854"
		Debug.AspNetCompiler.PhysicalPath = "Marist Chat App\"
		Debug.AspNetCompiler.TargetPath = "PrecompiledWeb\localhost_63854\"
		Debug.AspNetCompiler.Updateable = "true"
		Debug.AspNetCompiler.ForceOverwrite = "true"
		Debug.AspNetCompiler.FixedNames = "false"
		Debug.AspNetCompiler.Debug = "True"
		Release.AspNetCompiler.VirtualPath = "/localhost_63854"
		Release.AspNetCompiler.PhysicalPath = "Marist Chat App\"
		Release.AspNetCompiler.TargetPath = "PrecompiledWeb\localhost_63854\"
		Release.AspNetCompiler.Updateable = "true"
		Release.AspNetCompiler.ForceOverwrite = "true"
		Release.AspNetCompiler.FixedNames = "false"
		Release.AspNetCompiler.Debug = "False"
		VWDPort = "63854"
		SlnRelativePath = "Marist Chat App\"
		DefaultWebSiteLanguage = "Visual Basic"
	EndProjectSection
EndProject
Global
	GlobalSection(SolutionConfigurationPlatforms) = preSolution
		Debug|Any CPU = Debug|Any CPU
	EndGlobalSection
	GlobalSection(ProjectConfigurationPlatforms) = postSolution
		{EEACBA10-5655-4580-AC8D-517ABE5DF76A}.Debug|Any CPU.ActiveCfg = Debug|Any CPU
		{EEACBA10-5655-4580-AC8D-517ABE5DF76A}.Debug|Any CPU.Build.0 = Debug|Any CPU
	EndGlobalSection
	GlobalSection(SolutionProperties) = preSolution
		HideSolutionNode = FALSE
	EndGlobalSection
	GlobalSection(ExtensibilityGlobals) = postSolution
		SolutionGuid = {0D45FD73-66ED-4FCD-AB8E-EAD7413FAD8B}
	EndGlobalSection
EndGlobal
